PODS:
  - KSSwiftExtension (4.0.0):
    - KSSwiftExtension/Core (= 4.0.0)
  - KSSwiftExtension/Core (4.0.0)
  - KSSwiftExtension/RxCocoa (4.0.0):
    - KSSwiftExtension/RxSwift
    - RxCocoa
  - KSSwiftExtension/RxSwift (4.0.0):
    - KSSwiftExtension/Core
    - RxSwift
  - KSSwiftExtension/ViewKit (4.0.0):
    - KSSwiftExtension/Core
  - RxCocoa (4.3.1):
    - RxSwift (~> 4.0)
  - RxSwift (4.3.1)

DEPENDENCIES:
  - KSSwiftExtension (from `../`)
  - KSSwiftExtension/RxCocoa (from `../`)
  - KSSwiftExtension/ViewKit (from `../`)

SPEC REPOS:
  https://github.com/cocoapods/specs.git:
    - RxCocoa
    - RxSwift

EXTERNAL SOURCES:
  KSSwiftExtension:
    :path: "../"

SPEC CHECKSUMS:
  KSSwiftExtension: 51b7e999c794e477a97acdef78035b0b6f685836
  RxCocoa: 78763c7b07d02455598d9fc3c1ad091a28b73635
  RxSwift: fe0fd770a43acdb7d0a53da411c9b892e69bb6e4

PODFILE CHECKSUM: 9fcebde157fdad7988a0ab1e97c055b838fa74dc

COCOAPODS: 1.5.3
